
Microsoft Visual Studio Solution File, Format Version 12.00
# Visual Studio Version 16
VisualStudioVersion = 16.0.30804.86
MinimumVisualStudioVersion = 10.0.40219.1
Project("{FAE04EC0-301F-11D3-BF4B-00C04F79EFBC}") = "weatherstack", "weatherstack\weatherstack.csproj", "{C42A7281-ED42-4DE0-8BD8-665C4586FC97}"
EndProject
Global
	GlobalSection(SolutionConfigurationPlatforms) = preSolution
		Debug|Any CPU = Debug|Any CPU
		Release|Any CPU = Release|Any CPU
	EndGlobalSection
	GlobalSection(ProjectConfigurationPlatforms) = postSolution
		{C42A7281-ED42-4DE0-8BD8-665C4586FC97}.Debug|Any CPU.ActiveCfg = Debug|Any CPU
		{C42A7281-ED42-4DE0-8BD8-665C4586FC97}.Debug|Any CPU.Build.0 = Debug|Any CPU
		{C42A7281-ED42-4DE0-8BD8-665C4586FC97}.Release|Any CPU.ActiveCfg = Release|Any CPU
		{C42A7281-ED42-4DE0-8BD8-665C4586FC97}.Release|Any CPU.Build.0 = Release|Any CPU
	EndGlobalSection
	GlobalSection(SolutionProperties) = preSolution
		HideSolutionNode = FALSE
	EndGlobalSection
	GlobalSection(ExtensibilityGlobals) = postSolution
		SolutionGuid = {52F4C54F-8007-40F8-95B2-04D5B13A33E7}
	EndGlobalSection
EndGlobal
